
Microsoft Visual Studio Solution File, Format Version 12.00
# Visual Studio Version 16
VisualStudioVersion = 16.0.31613.86
MinimumVisualStudioVersion = 10.0.40219.1
Project("{FAE04EC0-301F-11D3-BF4B-00C04F79EFBC}") = "Pagina Maestra", "Pagina Maestra.csproj", "{048CAAAC-8E09-4EC9-BDCE-74949DC87EB0}"
EndProject
Global
	GlobalSection(SolutionConfigurationPlatforms) = preSolution
		Debug|Any CPU = Debug|Any CPU
		Release|Any CPU = Release|Any CPU
	EndGlobalSection
	GlobalSection(ProjectConfigurationPlatforms) = postSolution
		{048CAAAC-8E09-4EC9-BDCE-74949DC87EB0}.Debug|Any CPU.ActiveCfg = Debug|Any CPU
		{048CAAAC-8E09-4EC9-BDCE-74949DC87EB0}.Debug|Any CPU.Build.0 = Debug|Any CPU
		{048CAAAC-8E09-4EC9-BDCE-74949DC87EB0}.Release|Any CPU.ActiveCfg = Release|Any CPU
		{048CAAAC-8E09-4EC9-BDCE-74949DC87EB0}.Release|Any CPU.Build.0 = Release|Any CPU
	EndGlobalSection
	GlobalSection(SolutionProperties) = preSolution
		HideSolutionNode = FALSE
	EndGlobalSection
	GlobalSection(ExtensibilityGlobals) = postSolution
		SolutionGuid = {C619617F-2BD7-4F65-A081-0D893463DC1F}
	EndGlobalSection
EndGlobal
