
Microsoft Visual Studio Solution File, Format Version 12.00
# Visual Studio Version 16
VisualStudioVersion = 16.0.31613.86
MinimumVisualStudioVersion = 10.0.40219.1
Project("{FAE04EC0-301F-11D3-BF4B-00C04F79EFBC}") = "EjercicioPropuesto", "EjercicioPropuesto\EjercicioPropuesto.csproj", "{65AD157A-7255-40B7-9F4D-18EC45515460}"
EndProject
Global
	GlobalSection(SolutionConfigurationPlatforms) = preSolution
		Debug|Any CPU = Debug|Any CPU
		Release|Any CPU = Release|Any CPU
	EndGlobalSection
	GlobalSection(ProjectConfigurationPlatforms) = postSolution
		{65AD157A-7255-40B7-9F4D-18EC45515460}.Debug|Any CPU.ActiveCfg = Debug|Any CPU
		{65AD157A-7255-40B7-9F4D-18EC45515460}.Debug|Any CPU.Build.0 = Debug|Any CPU
		{65AD157A-7255-40B7-9F4D-18EC45515460}.Release|Any CPU.ActiveCfg = Release|Any CPU
		{65AD157A-7255-40B7-9F4D-18EC45515460}.Release|Any CPU.Build.0 = Release|Any CPU
	EndGlobalSection
	GlobalSection(SolutionProperties) = preSolution
		HideSolutionNode = FALSE
	EndGlobalSection
	GlobalSection(ExtensibilityGlobals) = postSolution
		SolutionGuid = {2756CE5B-530E-4FA2-824E-186923190E40}
	EndGlobalSection
EndGlobal
